
Microsoft Visual Studio Solution File, Format Version 12.00
# Visual Studio Version 16
VisualStudioVersion = 16.0.31205.134
MinimumVisualStudioVersion = 10.0.40219.1
Project("{FAE04EC0-301F-11D3-BF4B-00C04F79EFBC}") = "Soru1", "Soru1\Soru1.csproj", "{389FAFD7-53DF-49E2-BF80-A4196868AAB5}"
EndProject
Project("{FAE04EC0-301F-11D3-BF4B-00C04F79EFBC}") = "Soru2", "Soru2\Soru2.csproj", "{3C827D7C-8472-4838-916F-D128C79B313A}"
EndProject
Project("{FAE04EC0-301F-11D3-BF4B-00C04F79EFBC}") = "Soru3", "Soru3\Soru3.csproj", "{CC8E312E-5823-479D-A77D-929AB07BDDAA}"
EndProject
Project("{FAE04EC0-301F-11D3-BF4B-00C04F79EFBC}") = "Soru4", "Soru4\Soru4.csproj", "{CE103C22-8B04-465D-897D-0AC07B611F97}"
EndProject
Project("{FAE04EC0-301F-11D3-BF4B-00C04F79EFBC}") = "Soru5", "Soru5\Soru5.csproj", "{B15800BD-606F-4988-8151-AB53C842F2F6}"
EndProject
Project("{FAE04EC0-301F-11D3-BF4B-00C04F79EFBC}") = "Soru6", "Soru6\Soru6.csproj", "{FA6FC9FC-271D-4456-B9BE-55611CE04DCF}"
EndProject
Project("{FAE04EC0-301F-11D3-BF4B-00C04F79EFBC}") = "Soru7", "Soru7\Soru7.csproj", "{0F03572F-7B76-4B3A-9FE1-3331FD80648A}"
EndProject
Project("{FAE04EC0-301F-11D3-BF4B-00C04F79EFBC}") = "Soru8", "Soru8\Soru8.csproj", "{568F4056-3486-424D-95EA-F95953EEA7C7}"
EndProject
Project("{FAE04EC0-301F-11D3-BF4B-00C04F79EFBC}") = "Soru9", "Soru9\Soru9.csproj", "{C0C5C393-2649-417A-9471-71B4F322FB24}"
EndProject
Project("{FAE04EC0-301F-11D3-BF4B-00C04F79EFBC}") = "Soru10", "Soru10\Soru10.csproj", "{2F8E6B3B-513F-499B-9410-B9D283E1AA0B}"
EndProject
Project("{FAE04EC0-301F-11D3-BF4B-00C04F79EFBC}") = "Soru11", "Soru11\Soru11.csproj", "{650B2D2E-8099-4157-9834-303EFBF7195C}"
EndProject
Project("{FAE04EC0-301F-11D3-BF4B-00C04F79EFBC}") = "Soru12", "Soru12\Soru12.csproj", "{466DF926-09EE-4B51-BD0B-674AEAB244AB}"
EndProject
Project("{FAE04EC0-301F-11D3-BF4B-00C04F79EFBC}") = "Soru13", "Soru13\Soru13.csproj", "{05C6EC8F-3E1E-4D1E-9790-0C0B43BCE44F}"
EndProject
Project("{FAE04EC0-301F-11D3-BF4B-00C04F79EFBC}") = "Soru14", "Soru14\Soru14.csproj", "{BC0DF2D7-F81A-446F-8A63-22E9DD19352D}"
EndProject
Project("{FAE04EC0-301F-11D3-BF4B-00C04F79EFBC}") = "Soru15", "Soru15\Soru15.csproj", "{8636F428-FA62-4230-B916-CAD7C4CCF3FE}"
EndProject
Project("{FAE04EC0-301F-11D3-BF4B-00C04F79EFBC}") = "Soru16", "Soru16\Soru16.csproj", "{45BCB65F-84CE-41A2-BE33-463C712CD1B8}"
EndProject
Project("{FAE04EC0-301F-11D3-BF4B-00C04F79EFBC}") = "Soru17", "Soru17\Soru17.csproj", "{75FB99F9-3637-4040-B409-6413787E24C2}"
EndProject
Project("{FAE04EC0-301F-11D3-BF4B-00C04F79EFBC}") = "Soru18", "Soru18\Soru18.csproj", "{79A5DCAD-99C4-45C5-AD18-87C61EE22C1D}"
EndProject
Project("{FAE04EC0-301F-11D3-BF4B-00C04F79EFBC}") = "Soru19", "Soru19\Soru19.csproj", "{20A755B9-84C7-4028-AFA4-F042FBFE7CC7}"
EndProject
Project("{FAE04EC0-301F-11D3-BF4B-00C04F79EFBC}") = "Soru20", "Soru20\Soru20.csproj", "{8E029186-47B3-49AF-809A-3C82DFD85973}"
EndProject
Project("{FAE04EC0-301F-11D3-BF4B-00C04F79EFBC}") = "Soru21", "Soru21\Soru21.csproj", "{475BF07F-4688-4E91-A612-10DF7E78FE91}"
EndProject
Project("{FAE04EC0-301F-11D3-BF4B-00C04F79EFBC}") = "Soru22", "Soru22\Soru22.csproj", "{A32DA2F9-5FFE-40E1-9AB6-D6979BE9B009}"
EndProject
Project("{FAE04EC0-301F-11D3-BF4B-00C04F79EFBC}") = "Soru23", "Soru23\Soru23.csproj", "{433E49F8-FE39-4B48-9B3F-F7602AEED9E5}"
EndProject
Global
	GlobalSection(SolutionConfigurationPlatforms) = preSolution
		Debug|Any CPU = Debug|Any CPU
		Release|Any CPU = Release|Any CPU
	EndGlobalSection
	GlobalSection(ProjectConfigurationPlatforms) = postSolution
		{389FAFD7-53DF-49E2-BF80-A4196868AAB5}.Debug|Any CPU.ActiveCfg = Debug|Any CPU
		{389FAFD7-53DF-49E2-BF80-A4196868AAB5}.Debug|Any CPU.Build.0 = Debug|Any CPU
		{389FAFD7-53DF-49E2-BF80-A4196868AAB5}.Release|Any CPU.ActiveCfg = Release|Any CPU
		{389FAFD7-53DF-49E2-BF80-A4196868AAB5}.Release|Any CPU.Build.0 = Release|Any CPU
		{3C827D7C-8472-4838-916F-D128C79B313A}.Debug|Any CPU.ActiveCfg = Debug|Any CPU
		{3C827D7C-8472-4838-916F-D128C79B313A}.Debug|Any CPU.Build.0 = Debug|Any CPU
		{3C827D7C-8472-4838-916F-D128C79B313A}.Release|Any CPU.ActiveCfg = Release|Any CPU
		{3C827D7C-8472-4838-916F-D128C79B313A}.Release|Any CPU.Build.0 = Release|Any CPU
		{CC8E312E-5823-479D-A77D-929AB07BDDAA}.Debug|Any CPU.ActiveCfg = Debug|Any CPU
		{CC8E312E-5823-479D-A77D-929AB07BDDAA}.Debug|Any CPU.Build.0 = Debug|Any CPU
		{CC8E312E-5823-479D-A77D-929AB07BDDAA}.Release|Any CPU.ActiveCfg = Release|Any CPU
		{CC8E312E-5823-479D-A77D-929AB07BDDAA}.Release|Any CPU.Build.0 = Release|Any CPU
		{CE103C22-8B04-465D-897D-0AC07B611F97}.Debug|Any CPU.ActiveCfg = Debug|Any CPU
		{CE103C22-8B04-465D-897D-0AC07B611F97}.Debug|Any CPU.Build.0 = Debug|Any CPU
		{CE103C22-8B04-465D-897D-0AC07B611F97}.Release|Any CPU.ActiveCfg = Release|Any CPU
		{CE103C22-8B04-465D-897D-0AC07B611F97}.Release|Any CPU.Build.0 = Release|Any CPU
		{B15800BD-606F-4988-8151-AB53C842F2F6}.Debug|Any CPU.ActiveCfg = Debug|Any CPU
		{B15800BD-606F-4988-8151-AB53C842F2F6}.Debug|Any CPU.Build.0 = Debug|Any CPU
		{B15800BD-606F-4988-8151-AB53C842F2F6}.Release|Any CPU.ActiveCfg = Release|Any CPU
		{B15800BD-606F-4988-8151-AB53C842F2F6}.Release|Any CPU.Build.0 = Release|Any CPU
		{FA6FC9FC-271D-4456-B9BE-55611CE04DCF}.Debug|Any CPU.ActiveCfg = Debug|Any CPU
		{FA6FC9FC-271D-4456-B9BE-55611CE04DCF}.Debug|Any CPU.Build.0 = Debug|Any CPU
		{FA6FC9FC-271D-4456-B9BE-55611CE04DCF}.Release|Any CPU.ActiveCfg = Release|Any CPU
		{FA6FC9FC-271D-4456-B9BE-55611CE04DCF}.Release|Any CPU.Build.0 = Release|Any CPU
		{0F03572F-7B76-4B3A-9FE1-3331FD80648A}.Debug|Any CPU.ActiveCfg = Debug|Any CPU
		{0F03572F-7B76-4B3A-9FE1-3331FD80648A}.Debug|Any CPU.Build.0 = Debug|Any CPU
		{0F03572F-7B76-4B3A-9FE1-3331FD80648A}.Release|Any CPU.ActiveCfg = Release|Any CPU
		{0F03572F-7B76-4B3A-9FE1-3331FD80648A}.Release|Any CPU.Build.0 = Release|Any CPU
		{568F4056-3486-424D-95EA-F95953EEA7C7}.Debug|Any CPU.ActiveCfg = Debug|Any CPU
		{568F4056-3486-424D-95EA-F95953EEA7C7}.Debug|Any CPU.Build.0 = Debug|Any CPU
		{568F4056-3486-424D-95EA-F95953EEA7C7}.Release|Any CPU.ActiveCfg = Release|Any CPU
		{568F4056-3486-424D-95EA-F95953EEA7C7}.Release|Any CPU.Build.0 = Release|Any CPU
		{C0C5C393-2649-417A-9471-71B4F322FB24}.Debug|Any CPU.ActiveCfg = Debug|Any CPU
		{C0C5C393-2649-417A-9471-71B4F322FB24}.Debug|Any CPU.Build.0 = Debug|Any CPU
		{C0C5C393-2649-417A-9471-71B4F322FB24}.Release|Any CPU.ActiveCfg = Release|Any CPU
		{C0C5C393-2649-417A-9471-71B4F322FB24}.Release|Any CPU.Build.0 = Release|Any CPU
		{2F8E6B3B-513F-499B-9410-B9D283E1AA0B}.Debug|Any CPU.ActiveCfg = Debug|Any CPU
		{2F8E6B3B-513F-499B-9410-B9D283E1AA0B}.Debug|Any CPU.Build.0 = Debug|Any CPU
		{2F8E6B3B-513F-499B-9410-B9D283E1AA0B}.Release|Any CPU.ActiveCfg = Release|Any CPU
		{2F8E6B3B-513F-499B-9410-B9D283E1AA0B}.Release|Any CPU.Build.0 = Release|Any CPU
		{650B2D2E-8099-4157-9834-303EFBF7195C}.Debug|Any CPU.ActiveCfg = Debug|Any CPU
		{650B2D2E-8099-4157-9834-303EFBF7195C}.Debug|Any CPU.Build.0 = Debug|Any CPU
		{650B2D2E-8099-4157-9834-303EFBF7195C}.Release|Any CPU.ActiveCfg = Release|Any CPU
		{650B2D2E-8099-4157-9834-303EFBF7195C}.Release|Any CPU.Build.0 = Release|Any CPU
		{466DF926-09EE-4B51-BD0B-674AEAB244AB}.Debug|Any CPU.ActiveCfg = Debug|Any CPU
		{466DF926-09EE-4B51-BD0B-674AEAB244AB}.Debug|Any CPU.Build.0 = Debug|Any CPU
		{466DF926-09EE-4B51-BD0B-674AEAB244AB}.Release|Any CPU.ActiveCfg = Release|Any CPU
		{466DF926-09EE-4B51-BD0B-674AEAB244AB}.Release|Any CPU.Build.0 = Release|Any CPU
		{05C6EC8F-3E1E-4D1E-9790-0C0B43BCE44F}.Debug|Any CPU.ActiveCfg = Debug|Any CPU
		{05C6EC8F-3E1E-4D1E-9790-0C0B43BCE44F}.Debug|Any CPU.Build.0 = Debug|Any CPU
		{05C6EC8F-3E1E-4D1E-9790-0C0B43BCE44F}.Release|Any CPU.ActiveCfg = Release|Any CPU
		{05C6EC8F-3E1E-4D1E-9790-0C0B43BCE44F}.Release|Any CPU.Build.0 = Release|Any CPU
		{BC0DF2D7-F81A-446F-8A63-22E9DD19352D}.Debug|Any CPU.ActiveCfg = Debug|Any CPU
		{BC0DF2D7-F81A-446F-8A63-22E9DD19352D}.Debug|Any CPU.Build.0 = Debug|Any CPU
		{BC0DF2D7-F81A-446F-8A63-22E9DD19352D}.Release|Any CPU.ActiveCfg = Release|Any CPU
		{BC0DF2D7-F81A-446F-8A63-22E9DD19352D}.Release|Any CPU.Build.0 = Release|Any CPU
		{8636F428-FA62-4230-B916-CAD7C4CCF3FE}.Debug|Any CPU.ActiveCfg = Debug|Any CPU
		{8636F428-FA62-4230-B916-CAD7C4CCF3FE}.Debug|Any CPU.Build.0 = Debug|Any CPU
		{8636F428-FA62-4230-B916-CAD7C4CCF3FE}.Release|Any CPU.ActiveCfg = Release|Any CPU
		{8636F428-FA62-4230-B916-CAD7C4CCF3FE}.Release|Any CPU.Build.0 = Release|Any CPU
		{45BCB65F-84CE-41A2-BE33-463C712CD1B8}.Debug|Any CPU.ActiveCfg = Debug|Any CPU
		{45BCB65F-84CE-41A2-BE33-463C712CD1B8}.Debug|Any CPU.Build.0 = Debug|Any CPU
		{45BCB65F-84CE-41A2-BE33-463C712CD1B8}.Release|Any CPU.ActiveCfg = Release|Any CPU
		{45BCB65F-84CE-41A2-BE33-463C712CD1B8}.Release|Any CPU.Build.0 = Release|Any CPU
		{75FB99F9-3637-4040-B409-6413787E24C2}.Debug|Any CPU.ActiveCfg = Debug|Any CPU
		{75FB99F9-3637-4040-B409-6413787E24C2}.Debug|Any CPU.Build.0 = Debug|Any CPU
		{75FB99F9-3637-4040-B409-6413787E24C2}.Release|Any CPU.ActiveCfg = Release|Any CPU
		{75FB99F9-3637-4040-B409-6413787E24C2}.Release|Any CPU.Build.0 = Release|Any CPU
		{79A5DCAD-99C4-45C5-AD18-87C61EE22C1D}.Debug|Any CPU.ActiveCfg = Debug|Any CPU
		{79A5DCAD-99C4-45C5-AD18-87C61EE22C1D}.Debug|Any CPU.Build.0 = Debug|Any CPU
		{79A5DCAD-99C4-45C5-AD18-87C61EE22C1D}.Release|Any CPU.ActiveCfg = Release|Any CPU
		{79A5DCAD-99C4-45C5-AD18-87C61EE22C1D}.Release|Any CPU.Build.0 = Release|Any CPU
		{20A755B9-84C7-4028-AFA4-F042FBFE7CC7}.Debug|Any CPU.ActiveCfg = Debug|Any CPU
		{20A755B9-84C7-4028-AFA4-F042FBFE7CC7}.Debug|Any CPU.Build.0 = Debug|Any CPU
		{20A755B9-84C7-4028-AFA4-F042FBFE7CC7}.Release|Any CPU.ActiveCfg = Release|Any CPU
		{20A755B9-84C7-4028-AFA4-F042FBFE7CC7}.Release|Any CPU.Build.0 = Release|Any CPU
		{8E029186-47B3-49AF-809A-3C82DFD85973}.Debug|Any CPU.ActiveCfg = Debug|Any CPU
		{8E029186-47B3-49AF-809A-3C82DFD85973}.Debug|Any CPU.Build.0 = Debug|Any CPU
		{8E029186-47B3-49AF-809A-3C82DFD85973}.Release|Any CPU.ActiveCfg = Release|Any CPU
		{8E029186-47B3-49AF-809A-3C82DFD85973}.Release|Any CPU.Build.0 = Release|Any CPU
		{475BF07F-4688-4E91-A612-10DF7E78FE91}.Debug|Any CPU.ActiveCfg = Debug|Any CPU
		{475BF07F-4688-4E91-A612-10DF7E78FE91}.Debug|Any CPU.Build.0 = Debug|Any CPU
		{475BF07F-4688-4E91-A612-10DF7E78FE91}.Release|Any CPU.ActiveCfg = Release|Any CPU
		{475BF07F-4688-4E91-A612-10DF7E78FE91}.Release|Any CPU.Build.0 = Release|Any CPU
		{A32DA2F9-5FFE-40E1-9AB6-D6979BE9B009}.Debug|Any CPU.ActiveCfg = Debug|Any CPU
		{A32DA2F9-5FFE-40E1-9AB6-D6979BE9B009}.Debug|Any CPU.Build.0 = Debug|Any CPU
		{A32DA2F9-5FFE-40E1-9AB6-D6979BE9B009}.Release|Any CPU.ActiveCfg = Release|Any CPU
		{A32DA2F9-5FFE-40E1-9AB6-D6979BE9B009}.Release|Any CPU.Build.0 = Release|Any CPU
		{433E49F8-FE39-4B48-9B3F-F7602AEED9E5}.Debug|Any CPU.ActiveCfg = Debug|Any CPU
		{433E49F8-FE39-4B48-9B3F-F7602AEED9E5}.Debug|Any CPU.Build.0 = Debug|Any CPU
		{433E49F8-FE39-4B48-9B3F-F7602AEED9E5}.Release|Any CPU.ActiveCfg = Release|Any CPU
		{433E49F8-FE39-4B48-9B3F-F7602AEED9E5}.Release|Any CPU.Build.0 = Release|Any CPU
	EndGlobalSection
	GlobalSection(SolutionProperties) = preSolution
		HideSolutionNode = FALSE
	EndGlobalSection
	GlobalSection(ExtensibilityGlobals) = postSolution
		SolutionGuid = {3109DACB-C101-4212-97EC-4A7796A7F860}
	EndGlobalSection
EndGlobal
